
Microsoft Visual Studio Solution File, Format Version 12.00
# Visual Studio 15
VisualStudioVersion = 15.0.27703.2042
MinimumVisualStudioVersion = 10.0.40219.1
Project("{FAE04EC0-301F-11D3-BF4B-00C04F79EFBC}") = "LearnPoems.Android", "LearnPoems\LearnPoems.Android\LearnPoems.Android.csproj", "{3FC048E6-6217-4858-90F6-6359941FF8BB}"
EndProject
Project("{FAE04EC0-301F-11D3-BF4B-00C04F79EFBC}") = "LearnPoems.iOS", "LearnPoems\LearnPoems.iOS\LearnPoems.iOS.csproj", "{792423EC-6A15-47D2-8BD5-B981381E0B0D}"
EndProject
Project("{9A19103F-16F7-4668-BE54-9A1E7A4F7556}") = "LearnPoems", "LearnPoems\LearnPoems\LearnPoems.csproj", "{CDF59D37-2342-477D-8E1E-5AFB02A83BDA}"
EndProject
Project("{2150E333-8FDC-42A3-9474-1A3956D46DE8}") = "Solution items", "Solution items", "{E10DE4E4-8069-490E-99F6-35839275B7FF}"
	ProjectSection(SolutionItems) = preProject
		LICENSE.md = LICENSE.md
		README.md = README.md
	EndProjectSection
EndProject
Project("{FAE04EC0-301F-11D3-BF4B-00C04F79EFBC}") = "Test_LearnPoems", "Test_LearnPoems\Test_LearnPoems.csproj", "{BACC8220-5AA4-43DA-B713-EB220D32E29B}"
EndProject
Project("{FAE04EC0-301F-11D3-BF4B-00C04F79EFBC}") = "Test_LearnPoems2", "Test_LearnPoems2\Test_LearnPoems2.csproj", "{E91A4ED8-82FC-4AC8-8ADB-8567D82827F1}"
EndProject
Global
	GlobalSection(SolutionConfigurationPlatforms) = preSolution
		Ad-Hoc|Any CPU = Ad-Hoc|Any CPU
		Ad-Hoc|iPhone = Ad-Hoc|iPhone
		Ad-Hoc|iPhoneSimulator = Ad-Hoc|iPhoneSimulator
		AppStore|Any CPU = AppStore|Any CPU
		AppStore|iPhone = AppStore|iPhone
		AppStore|iPhoneSimulator = AppStore|iPhoneSimulator
		Debug|Any CPU = Debug|Any CPU
		Debug|iPhone = Debug|iPhone
		Debug|iPhoneSimulator = Debug|iPhoneSimulator
		Release|Any CPU = Release|Any CPU
		Release|iPhone = Release|iPhone
		Release|iPhoneSimulator = Release|iPhoneSimulator
	EndGlobalSection
	GlobalSection(ProjectConfigurationPlatforms) = postSolution
		{3FC048E6-6217-4858-90F6-6359941FF8BB}.Ad-Hoc|Any CPU.ActiveCfg = Release|Any CPU
		{3FC048E6-6217-4858-90F6-6359941FF8BB}.Ad-Hoc|Any CPU.Build.0 = Release|Any CPU
		{3FC048E6-6217-4858-90F6-6359941FF8BB}.Ad-Hoc|Any CPU.Deploy.0 = Release|Any CPU
		{3FC048E6-6217-4858-90F6-6359941FF8BB}.Ad-Hoc|iPhone.ActiveCfg = Release|Any CPU
		{3FC048E6-6217-4858-90F6-6359941FF8BB}.Ad-Hoc|iPhone.Build.0 = Release|Any CPU
		{3FC048E6-6217-4858-90F6-6359941FF8BB}.Ad-Hoc|iPhone.Deploy.0 = Release|Any CPU
		{3FC048E6-6217-4858-90F6-6359941FF8BB}.Ad-Hoc|iPhoneSimulator.ActiveCfg = Release|Any CPU
		{3FC048E6-6217-4858-90F6-6359941FF8BB}.Ad-Hoc|iPhoneSimulator.Build.0 = Release|Any CPU
		{3FC048E6-6217-4858-90F6-6359941FF8BB}.Ad-Hoc|iPhoneSimulator.Deploy.0 = Release|Any CPU
		{3FC048E6-6217-4858-90F6-6359941FF8BB}.AppStore|Any CPU.ActiveCfg = Release|Any CPU
		{3FC048E6-6217-4858-90F6-6359941FF8BB}.AppStore|Any CPU.Build.0 = Release|Any CPU
		{3FC048E6-6217-4858-90F6-6359941FF8BB}.AppStore|Any CPU.Deploy.0 = Release|Any CPU
		{3FC048E6-6217-4858-90F6-6359941FF8BB}.AppStore|iPhone.ActiveCfg = Release|Any CPU
		{3FC048E6-6217-4858-90F6-6359941FF8BB}.AppStore|iPhone.Build.0 = Release|Any CPU
		{3FC048E6-6217-4858-90F6-6359941FF8BB}.AppStore|iPhone.Deploy.0 = Release|Any CPU
		{3FC048E6-6217-4858-90F6-6359941FF8BB}.AppStore|iPhoneSimulator.ActiveCfg = Release|Any CPU
		{3FC048E6-6217-4858-90F6-6359941FF8BB}.AppStore|iPhoneSimulator.Build.0 = Release|Any CPU
		{3FC048E6-6217-4858-90F6-6359941FF8BB}.AppStore|iPhoneSimulator.Deploy.0 = Release|Any CPU
		{3FC048E6-6217-4858-90F6-6359941FF8BB}.Debug|Any CPU.ActiveCfg = Debug|Any CPU
		{3FC048E6-6217-4858-90F6-6359941FF8BB}.Debug|Any CPU.Build.0 = Debug|Any CPU
		{3FC048E6-6217-4858-90F6-6359941FF8BB}.Debug|Any CPU.Deploy.0 = Debug|Any CPU
		{3FC048E6-6217-4858-90F6-6359941FF8BB}.Debug|iPhone.ActiveCfg = Debug|Any CPU
		{3FC048E6-6217-4858-90F6-6359941FF8BB}.Debug|iPhone.Build.0 = Debug|Any CPU
		{3FC048E6-6217-4858-90F6-6359941FF8BB}.Debug|iPhone.Deploy.0 = Debug|Any CPU
		{3FC048E6-6217-4858-90F6-6359941FF8BB}.Debug|iPhoneSimulator.ActiveCfg = Debug|Any CPU
		{3FC048E6-6217-4858-90F6-6359941FF8BB}.Debug|iPhoneSimulator.Build.0 = Debug|Any CPU
		{3FC048E6-6217-4858-90F6-6359941FF8BB}.Debug|iPhoneSimulator.Deploy.0 = Debug|Any CPU
		{3FC048E6-6217-4858-90F6-6359941FF8BB}.Release|Any CPU.ActiveCfg = Release|Any CPU
		{3FC048E6-6217-4858-90F6-6359941FF8BB}.Release|Any CPU.Build.0 = Release|Any CPU
		{3FC048E6-6217-4858-90F6-6359941FF8BB}.Release|Any CPU.Deploy.0 = Release|Any CPU
		{3FC048E6-6217-4858-90F6-6359941FF8BB}.Release|iPhone.ActiveCfg = Release|Any CPU
		{3FC048E6-6217-4858-90F6-6359941FF8BB}.Release|iPhone.Build.0 = Release|Any CPU
		{3FC048E6-6217-4858-90F6-6359941FF8BB}.Release|iPhone.Deploy.0 = Release|Any CPU
		{3FC048E6-6217-4858-90F6-6359941FF8BB}.Release|iPhoneSimulator.ActiveCfg = Release|Any CPU
		{3FC048E6-6217-4858-90F6-6359941FF8BB}.Release|iPhoneSimulator.Build.0 = Release|Any CPU
		{3FC048E6-6217-4858-90F6-6359941FF8BB}.Release|iPhoneSimulator.Deploy.0 = Release|Any CPU
		{792423EC-6A15-47D2-8BD5-B981381E0B0D}.Ad-Hoc|Any CPU.ActiveCfg = Ad-Hoc|iPhone
		{792423EC-6A15-47D2-8BD5-B981381E0B0D}.Ad-Hoc|Any CPU.Build.0 = Ad-Hoc|iPhone
		{792423EC-6A15-47D2-8BD5-B981381E0B0D}.Ad-Hoc|Any CPU.Deploy.0 = Ad-Hoc|iPhone
		{792423EC-6A15-47D2-8BD5-B981381E0B0D}.Ad-Hoc|iPhone.ActiveCfg = Ad-Hoc|iPhone
		{792423EC-6A15-47D2-8BD5-B981381E0B0D}.Ad-Hoc|iPhone.Build.0 = Ad-Hoc|iPhone
		{792423EC-6A15-47D2-8BD5-B981381E0B0D}.Ad-Hoc|iPhone.Deploy.0 = Ad-Hoc|iPhone
		{792423EC-6A15-47D2-8BD5-B981381E0B0D}.Ad-Hoc|iPhoneSimulator.ActiveCfg = Ad-Hoc|iPhoneSimulator
		{792423EC-6A15-47D2-8BD5-B981381E0B0D}.Ad-Hoc|iPhoneSimulator.Build.0 = Ad-Hoc|iPhoneSimulator
		{792423EC-6A15-47D2-8BD5-B981381E0B0D}.Ad-Hoc|iPhoneSimulator.Deploy.0 = Ad-Hoc|iPhoneSimulator
		{792423EC-6A15-47D2-8BD5-B981381E0B0D}.AppStore|Any CPU.ActiveCfg = AppStore|iPhone
		{792423EC-6A15-47D2-8BD5-B981381E0B0D}.AppStore|Any CPU.Build.0 = AppStore|iPhone
		{792423EC-6A15-47D2-8BD5-B981381E0B0D}.AppStore|Any CPU.Deploy.0 = AppStore|iPhone
		{792423EC-6A15-47D2-8BD5-B981381E0B0D}.AppStore|iPhone.ActiveCfg = AppStore|iPhone
		{792423EC-6A15-47D2-8BD5-B981381E0B0D}.AppStore|iPhone.Build.0 = AppStore|iPhone
		{792423EC-6A15-47D2-8BD5-B981381E0B0D}.AppStore|iPhone.Deploy.0 = AppStore|iPhone
		{792423EC-6A15-47D2-8BD5-B981381E0B0D}.AppStore|iPhoneSimulator.ActiveCfg = AppStore|iPhoneSimulator
		{792423EC-6A15-47D2-8BD5-B981381E0B0D}.AppStore|iPhoneSimulator.Build.0 = AppStore|iPhoneSimulator
		{792423EC-6A15-47D2-8BD5-B981381E0B0D}.AppStore|iPhoneSimulator.Deploy.0 = AppStore|iPhoneSimulator
		{792423EC-6A15-47D2-8BD5-B981381E0B0D}.Debug|Any CPU.ActiveCfg = Debug|iPhoneSimulator
		{792423EC-6A15-47D2-8BD5-B981381E0B0D}.Debug|Any CPU.Build.0 = Debug|iPhoneSimulator
		{792423EC-6A15-47D2-8BD5-B981381E0B0D}.Debug|Any CPU.Deploy.0 = Debug|iPhoneSimulator
		{792423EC-6A15-47D2-8BD5-B981381E0B0D}.Debug|iPhone.ActiveCfg = Debug|iPhone
		{792423EC-6A15-47D2-8BD5-B981381E0B0D}.Debug|iPhone.Build.0 = Debug|iPhone
		{792423EC-6A15-47D2-8BD5-B981381E0B0D}.Debug|iPhone.Deploy.0 = Debug|iPhone
		{792423EC-6A15-47D2-8BD5-B981381E0B0D}.Debug|iPhoneSimulator.ActiveCfg = Debug|iPhoneSimulator
		{792423EC-6A15-47D2-8BD5-B981381E0B0D}.Debug|iPhoneSimulator.Build.0 = Debug|iPhoneSimulator
		{792423EC-6A15-47D2-8BD5-B981381E0B0D}.Debug|iPhoneSimulator.Deploy.0 = Debug|iPhoneSimulator
		{792423EC-6A15-47D2-8BD5-B981381E0B0D}.Release|Any CPU.ActiveCfg = Release|iPhone
		{792423EC-6A15-47D2-8BD5-B981381E0B0D}.Release|Any CPU.Build.0 = Release|iPhone
		{792423EC-6A15-47D2-8BD5-B981381E0B0D}.Release|Any CPU.Deploy.0 = Release|iPhone
		{792423EC-6A15-47D2-8BD5-B981381E0B0D}.Release|iPhone.ActiveCfg = Release|iPhone
		{792423EC-6A15-47D2-8BD5-B981381E0B0D}.Release|iPhone.Build.0 = Release|iPhone
		{792423EC-6A15-47D2-8BD5-B981381E0B0D}.Release|iPhone.Deploy.0 = Release|iPhone
		{792423EC-6A15-47D2-8BD5-B981381E0B0D}.Release|iPhoneSimulator.ActiveCfg = Release|iPhoneSimulator
		{792423EC-6A15-47D2-8BD5-B981381E0B0D}.Release|iPhoneSimulator.Build.0 = Release|iPhoneSimulator
		{792423EC-6A15-47D2-8BD5-B981381E0B0D}.Release|iPhoneSimulator.Deploy.0 = Release|iPhoneSimulator
		{CDF59D37-2342-477D-8E1E-5AFB02A83BDA}.Ad-Hoc|Any CPU.ActiveCfg = Debug|Any CPU
		{CDF59D37-2342-477D-8E1E-5AFB02A83BDA}.Ad-Hoc|Any CPU.Build.0 = Debug|Any CPU
		{CDF59D37-2342-477D-8E1E-5AFB02A83BDA}.Ad-Hoc|Any CPU.Deploy.0 = Debug|Any CPU
		{CDF59D37-2342-477D-8E1E-5AFB02A83BDA}.Ad-Hoc|iPhone.ActiveCfg = Debug|Any CPU
		{CDF59D37-2342-477D-8E1E-5AFB02A83BDA}.Ad-Hoc|iPhone.Build.0 = Debug|Any CPU
		{CDF59D37-2342-477D-8E1E-5AFB02A83BDA}.Ad-Hoc|iPhone.Deploy.0 = Debug|Any CPU
		{CDF59D37-2342-477D-8E1E-5AFB02A83BDA}.Ad-Hoc|iPhoneSimulator.ActiveCfg = Debug|Any CPU
		{CDF59D37-2342-477D-8E1E-5AFB02A83BDA}.Ad-Hoc|iPhoneSimulator.Build.0 = Debug|Any CPU
		{CDF59D37-2342-477D-8E1E-5AFB02A83BDA}.Ad-Hoc|iPhoneSimulator.Deploy.0 = Debug|Any CPU
		{CDF59D37-2342-477D-8E1E-5AFB02A83BDA}.AppStore|Any CPU.ActiveCfg = Debug|Any CPU
		{CDF59D37-2342-477D-8E1E-5AFB02A83BDA}.AppStore|Any CPU.Build.0 = Debug|Any CPU
		{CDF59D37-2342-477D-8E1E-5AFB02A83BDA}.AppStore|Any CPU.Deploy.0 = Debug|Any CPU
		{CDF59D37-2342-477D-8E1E-5AFB02A83BDA}.AppStore|iPhone.ActiveCfg = Debug|Any CPU
		{CDF59D37-2342-477D-8E1E-5AFB02A83BDA}.AppStore|iPhone.Build.0 = Debug|Any CPU
		{CDF59D37-2342-477D-8E1E-5AFB02A83BDA}.AppStore|iPhone.Deploy.0 = Debug|Any CPU
		{CDF59D37-2342-477D-8E1E-5AFB02A83BDA}.AppStore|iPhoneSimulator.ActiveCfg = Debug|Any CPU
		{CDF59D37-2342-477D-8E1E-5AFB02A83BDA}.AppStore|iPhoneSimulator.Build.0 = Debug|Any CPU
		{CDF59D37-2342-477D-8E1E-5AFB02A83BDA}.AppStore|iPhoneSimulator.Deploy.0 = Debug|Any CPU
		{CDF59D37-2342-477D-8E1E-5AFB02A83BDA}.Debug|Any CPU.ActiveCfg = Debug|Any CPU
		{CDF59D37-2342-477D-8E1E-5AFB02A83BDA}.Debug|Any CPU.Build.0 = Debug|Any CPU
		{CDF59D37-2342-477D-8E1E-5AFB02A83BDA}.Debug|Any CPU.Deploy.0 = Debug|Any CPU
		{CDF59D37-2342-477D-8E1E-5AFB02A83BDA}.Debug|iPhone.ActiveCfg = Debug|Any CPU
		{CDF59D37-2342-477D-8E1E-5AFB02A83BDA}.Debug|iPhone.Build.0 = Debug|Any CPU
		{CDF59D37-2342-477D-8E1E-5AFB02A83BDA}.Debug|iPhone.Deploy.0 = Debug|Any CPU
		{CDF59D37-2342-477D-8E1E-5AFB02A83BDA}.Debug|iPhoneSimulator.ActiveCfg = Debug|Any CPU
		{CDF59D37-2342-477D-8E1E-5AFB02A83BDA}.Debug|iPhoneSimulator.Build.0 = Debug|Any CPU
		{CDF59D37-2342-477D-8E1E-5AFB02A83BDA}.Debug|iPhoneSimulator.Deploy.0 = Debug|Any CPU
		{CDF59D37-2342-477D-8E1E-5AFB02A83BDA}.Release|Any CPU.ActiveCfg = Release|Any CPU
		{CDF59D37-2342-477D-8E1E-5AFB02A83BDA}.Release|Any CPU.Build.0 = Release|Any CPU
		{CDF59D37-2342-477D-8E1E-5AFB02A83BDA}.Release|Any CPU.Deploy.0 = Release|Any CPU
		{CDF59D37-2342-477D-8E1E-5AFB02A83BDA}.Release|iPhone.ActiveCfg = Release|Any CPU
		{CDF59D37-2342-477D-8E1E-5AFB02A83BDA}.Release|iPhone.Build.0 = Release|Any CPU
		{CDF59D37-2342-477D-8E1E-5AFB02A83BDA}.Release|iPhone.Deploy.0 = Release|Any CPU
		{CDF59D37-2342-477D-8E1E-5AFB02A83BDA}.Release|iPhoneSimulator.ActiveCfg = Release|Any CPU
		{CDF59D37-2342-477D-8E1E-5AFB02A83BDA}.Release|iPhoneSimulator.Build.0 = Release|Any CPU
		{CDF59D37-2342-477D-8E1E-5AFB02A83BDA}.Release|iPhoneSimulator.Deploy.0 = Release|Any CPU
		{BACC8220-5AA4-43DA-B713-EB220D32E29B}.Ad-Hoc|Any CPU.ActiveCfg = Debug|Any CPU
		{BACC8220-5AA4-43DA-B713-EB220D32E29B}.Ad-Hoc|Any CPU.Build.0 = Debug|Any CPU
		{BACC8220-5AA4-43DA-B713-EB220D32E29B}.Ad-Hoc|iPhone.ActiveCfg = Debug|Any CPU
		{BACC8220-5AA4-43DA-B713-EB220D32E29B}.Ad-Hoc|iPhone.Build.0 = Debug|Any CPU
		{BACC8220-5AA4-43DA-B713-EB220D32E29B}.Ad-Hoc|iPhoneSimulator.ActiveCfg = Debug|Any CPU
		{BACC8220-5AA4-43DA-B713-EB220D32E29B}.Ad-Hoc|iPhoneSimulator.Build.0 = Debug|Any CPU
		{BACC8220-5AA4-43DA-B713-EB220D32E29B}.AppStore|Any CPU.ActiveCfg = Debug|Any CPU
		{BACC8220-5AA4-43DA-B713-EB220D32E29B}.AppStore|Any CPU.Build.0 = Debug|Any CPU
		{BACC8220-5AA4-43DA-B713-EB220D32E29B}.AppStore|iPhone.ActiveCfg = Debug|Any CPU
		{BACC8220-5AA4-43DA-B713-EB220D32E29B}.AppStore|iPhone.Build.0 = Debug|Any CPU
		{BACC8220-5AA4-43DA-B713-EB220D32E29B}.AppStore|iPhoneSimulator.ActiveCfg = Debug|Any CPU
		{BACC8220-5AA4-43DA-B713-EB220D32E29B}.AppStore|iPhoneSimulator.Build.0 = Debug|Any CPU
		{BACC8220-5AA4-43DA-B713-EB220D32E29B}.Debug|Any CPU.ActiveCfg = Debug|Any CPU
		{BACC8220-5AA4-43DA-B713-EB220D32E29B}.Debug|Any CPU.Build.0 = Debug|Any CPU
		{BACC8220-5AA4-43DA-B713-EB220D32E29B}.Debug|iPhone.ActiveCfg = Debug|Any CPU
		{BACC8220-5AA4-43DA-B713-EB220D32E29B}.Debug|iPhone.Build.0 = Debug|Any CPU
		{BACC8220-5AA4-43DA-B713-EB220D32E29B}.Debug|iPhoneSimulator.ActiveCfg = Debug|Any CPU
		{BACC8220-5AA4-43DA-B713-EB220D32E29B}.Debug|iPhoneSimulator.Build.0 = Debug|Any CPU
		{BACC8220-5AA4-43DA-B713-EB220D32E29B}.Release|Any CPU.ActiveCfg = Release|Any CPU
		{BACC8220-5AA4-43DA-B713-EB220D32E29B}.Release|Any CPU.Build.0 = Release|Any CPU
		{BACC8220-5AA4-43DA-B713-EB220D32E29B}.Release|iPhone.ActiveCfg = Release|Any CPU
		{BACC8220-5AA4-43DA-B713-EB220D32E29B}.Release|iPhone.Build.0 = Release|Any CPU
		{BACC8220-5AA4-43DA-B713-EB220D32E29B}.Release|iPhoneSimulator.ActiveCfg = Release|Any CPU
		{BACC8220-5AA4-43DA-B713-EB220D32E29B}.Release|iPhoneSimulator.Build.0 = Release|Any CPU
		{E91A4ED8-82FC-4AC8-8ADB-8567D82827F1}.Ad-Hoc|Any CPU.ActiveCfg = Release|Any CPU
		{E91A4ED8-82FC-4AC8-8ADB-8567D82827F1}.Ad-Hoc|Any CPU.Build.0 = Release|Any CPU
		{E91A4ED8-82FC-4AC8-8ADB-8567D82827F1}.Ad-Hoc|iPhone.ActiveCfg = Release|Any CPU
		{E91A4ED8-82FC-4AC8-8ADB-8567D82827F1}.Ad-Hoc|iPhone.Build.0 = Release|Any CPU
		{E91A4ED8-82FC-4AC8-8ADB-8567D82827F1}.Ad-Hoc|iPhoneSimulator.ActiveCfg = Release|Any CPU
		{E91A4ED8-82FC-4AC8-8ADB-8567D82827F1}.Ad-Hoc|iPhoneSimulator.Build.0 = Release|Any CPU
		{E91A4ED8-82FC-4AC8-8ADB-8567D82827F1}.AppStore|Any CPU.ActiveCfg = Release|Any CPU
		{E91A4ED8-82FC-4AC8-8ADB-8567D82827F1}.AppStore|Any CPU.Build.0 = Release|Any CPU
		{E91A4ED8-82FC-4AC8-8ADB-8567D82827F1}.AppStore|iPhone.ActiveCfg = Release|Any CPU
		{E91A4ED8-82FC-4AC8-8ADB-8567D82827F1}.AppStore|iPhone.Build.0 = Release|Any CPU
		{E91A4ED8-82FC-4AC8-8ADB-8567D82827F1}.AppStore|iPhoneSimulator.ActiveCfg = Release|Any CPU
		{E91A4ED8-82FC-4AC8-8ADB-8567D82827F1}.AppStore|iPhoneSimulator.Build.0 = Release|Any CPU
		{E91A4ED8-82FC-4AC8-8ADB-8567D82827F1}.Debug|Any CPU.ActiveCfg = Debug|Any CPU
		{E91A4ED8-82FC-4AC8-8ADB-8567D82827F1}.Debug|Any CPU.Build.0 = Debug|Any CPU
		{E91A4ED8-82FC-4AC8-8ADB-8567D82827F1}.Debug|iPhone.ActiveCfg = Debug|Any CPU
		{E91A4ED8-82FC-4AC8-8ADB-8567D82827F1}.Debug|iPhone.Build.0 = Debug|Any CPU
		{E91A4ED8-82FC-4AC8-8ADB-8567D82827F1}.Debug|iPhoneSimulator.ActiveCfg = Debug|Any CPU
		{E91A4ED8-82FC-4AC8-8ADB-8567D82827F1}.Debug|iPhoneSimulator.Build.0 = Debug|Any CPU
		{E91A4ED8-82FC-4AC8-8ADB-8567D82827F1}.Release|Any CPU.ActiveCfg = Release|Any CPU
		{E91A4ED8-82FC-4AC8-8ADB-8567D82827F1}.Release|Any CPU.Build.0 = Release|Any CPU
		{E91A4ED8-82FC-4AC8-8ADB-8567D82827F1}.Release|iPhone.ActiveCfg = Release|Any CPU
		{E91A4ED8-82FC-4AC8-8ADB-8567D82827F1}.Release|iPhone.Build.0 = Release|Any CPU
		{E91A4ED8-82FC-4AC8-8ADB-8567D82827F1}.Release|iPhoneSimulator.ActiveCfg = Release|Any CPU
		{E91A4ED8-82FC-4AC8-8ADB-8567D82827F1}.Release|iPhoneSimulator.Build.0 = Release|Any CPU
	EndGlobalSection
	GlobalSection(SolutionProperties) = preSolution
		HideSolutionNode = FALSE
	EndGlobalSection
	GlobalSection(ExtensibilityGlobals) = postSolution
		SolutionGuid = {F9F823FE-1861-4847-AD89-E6DF5E28D5FD}
	EndGlobalSection
EndGlobal
